// !$*UTF8*$!
{
	archiveVersion = 1;
	classes = {
	};
	objectVersion = 55;
	objects = {

/* Begin PBXBuildFile section */
		884F6DEE2A120A6E007B7F73 /* UIImage.swift in Sources */ = {isa = PBXBuildFile; fileRef = 884F6DED2A120A6E007B7F73 /* UIImage.swift */; };
		884F6DF02A12244B007B7F73 /* UIControl.swift in Sources */ = {isa = PBXBuildFile; fileRef = 884F6DEF2A12244B007B7F73 /* UIControl.swift */; };
		88A603042A119DF100CBB6B8 /* RouteRecordView.swift in Sources */ = {isa = PBXBuildFile; fileRef = 88A603032A119DF100CBB6B8 /* RouteRecordView.swift */; };
		88C189DC2A02985900A240BD /* AppDelegate.swift in Sources */ = {isa = PBXBuildFile; fileRef = 88C189DB2A02985900A240BD /* AppDelegate.swift */; };
		88C189DE2A02985A00A240BD /* SceneDelegate.swift in Sources */ = {isa = PBXBuildFile; fileRef = 88C189DD2A02985A00A240BD /* SceneDelegate.swift */; };
		88C189E02A02985A00A240BD /* ViewController.swift in Sources */ = {isa = PBXBuildFile; fileRef = 88C189DF2A02985A00A240BD /* ViewController.swift */; };
		88C189E32A02985A00A240BD /* Main.storyboard in Resources */ = {isa = PBXBuildFile; fileRef = 88C189E12A02985A00A240BD /* Main.storyboard */; };
		88C189E52A02985C00A240BD /* Assets.xcassets in Resources */ = {isa = PBXBuildFile; fileRef = 88C189E42A02985C00A240BD /* Assets.xcassets */; };
		88C189E82A02985C00A240BD /* LaunchScreen.storyboard in Resources */ = {isa = PBXBuildFile; fileRef = 88C189E62A02985C00A240BD /* LaunchScreen.storyboard */; };
		9382DC40BD2B210BBD0A8319 /* Pods_runnerpia.framework in Frameworks */ = {isa = PBXBuildFile; fileRef = FD26A4388A2F477280BCBFA7 /* Pods_runnerpia.framework */; };
		C811CD3E2A029A2E00F92530 /* SnapKit in Frameworks */ = {isa = PBXBuildFile; productRef = C811CD3D2A029A2E00F92530 /* SnapKit */; };
		C817305E2A109F1600E6BE03 /* UIColor.swift in Sources */ = {isa = PBXBuildFile; fileRef = C817305D2A109F1600E6BE03 /* UIColor.swift */; };
		C850CB912A1BA9C2002C2FD5 /* ParticularCollectionViewCell.swift in Sources */ = {isa = PBXBuildFile; fileRef = C850CB902A1BA9C2002C2FD5 /* ParticularCollectionViewCell.swift */; };
		C850CB932A1CC605002C2FD5 /* PhotoViewController.swift in Sources */ = {isa = PBXBuildFile; fileRef = C850CB922A1CC605002C2FD5 /* PhotoViewController.swift */; };
		C850CB952A1CD56F002C2FD5 /* PhotoView.swift in Sources */ = {isa = PBXBuildFile; fileRef = C850CB942A1CD56F002C2FD5 /* PhotoView.swift */; };
		C86646B52A10BBB100A4E12A /* HomeViewController.swift in Sources */ = {isa = PBXBuildFile; fileRef = C86646B42A10BBB100A4E12A /* HomeViewController.swift */; };
		C86646B72A10BBB900A4E12A /* HomeView.swift in Sources */ = {isa = PBXBuildFile; fileRef = C86646B62A10BBB900A4E12A /* HomeView.swift */; };
		C86646B92A10BBEC00A4E12A /* LayoutProtocols.swift in Sources */ = {isa = PBXBuildFile; fileRef = C86646B82A10BBEC00A4E12A /* LayoutProtocols.swift */; };
		C86646BC2A10BD0A00A4E12A /* MainViewManager.swift in Sources */ = {isa = PBXBuildFile; fileRef = C86646BB2A10BD0A00A4E12A /* MainViewManager.swift */; };
		C86646BE2A10BD8C00A4E12A /* MypageViewController.swift in Sources */ = {isa = PBXBuildFile; fileRef = C86646BD2A10BD8C00A4E12A /* MypageViewController.swift */; };
		C86646C02A10BDEC00A4E12A /* RouteViewController.swift in Sources */ = {isa = PBXBuildFile; fileRef = C86646BF2A10BDEC00A4E12A /* RouteViewController.swift */; };
		C886B9102A1B8906006BE2CD /* ParticularRouteController.swift in Sources */ = {isa = PBXBuildFile; fileRef = C886B90F2A1B8906006BE2CD /* ParticularRouteController.swift */; };
		C886B9122A1B8933006BE2CD /* ParticularView.swift in Sources */ = {isa = PBXBuildFile; fileRef = C886B9112A1B8933006BE2CD /* ParticularView.swift */; };
/* End PBXBuildFile section */

/* Begin PBXFileReference section */
		197A93498D86022DC04A50A8 /* Pods-runnerpia.debug.xcconfig */ = {isa = PBXFileReference; includeInIndex = 1; lastKnownFileType = text.xcconfig; name = "Pods-runnerpia.debug.xcconfig"; path = "Target Support Files/Pods-runnerpia/Pods-runnerpia.debug.xcconfig"; sourceTree = "<group>"; };
		884F6DED2A120A6E007B7F73 /* UIImage.swift */ = {isa = PBXFileReference; lastKnownFileType = sourcecode.swift; path = UIImage.swift; sourceTree = "<group>"; };
		884F6DEF2A12244B007B7F73 /* UIControl.swift */ = {isa = PBXFileReference; lastKnownFileType = sourcecode.swift; path = UIControl.swift; sourceTree = "<group>"; };
		88A603032A119DF100CBB6B8 /* RouteRecordView.swift */ = {isa = PBXFileReference; lastKnownFileType = sourcecode.swift; path = RouteRecordView.swift; sourceTree = "<group>"; };
		88C189D82A02985900A240BD /* runnerpia.app */ = {isa = PBXFileReference; explicitFileType = wrapper.application; includeInIndex = 0; path = runnerpia.app; sourceTree = BUILT_PRODUCTS_DIR; };
		88C189DB2A02985900A240BD /* AppDelegate.swift */ = {isa = PBXFileReference; lastKnownFileType = sourcecode.swift; path = AppDelegate.swift; sourceTree = "<group>"; };
		88C189DD2A02985A00A240BD /* SceneDelegate.swift */ = {isa = PBXFileReference; lastKnownFileType = sourcecode.swift; path = SceneDelegate.swift; sourceTree = "<group>"; };
		88C189DF2A02985A00A240BD /* ViewController.swift */ = {isa = PBXFileReference; lastKnownFileType = sourcecode.swift; path = ViewController.swift; sourceTree = "<group>"; };
		88C189E22A02985A00A240BD /* Base */ = {isa = PBXFileReference; lastKnownFileType = file.storyboard; name = Base; path = Base.lproj/Main.storyboard; sourceTree = "<group>"; };
		88C189E42A02985C00A240BD /* Assets.xcassets */ = {isa = PBXFileReference; lastKnownFileType = folder.assetcatalog; path = Assets.xcassets; sourceTree = "<group>"; };
		88C189E72A02985C00A240BD /* Base */ = {isa = PBXFileReference; lastKnownFileType = file.storyboard; name = Base; path = Base.lproj/LaunchScreen.storyboard; sourceTree = "<group>"; };
		88C189E92A02985C00A240BD /* Info.plist */ = {isa = PBXFileReference; lastKnownFileType = text.plist.xml; path = Info.plist; sourceTree = "<group>"; };
		C817305D2A109F1600E6BE03 /* UIColor.swift */ = {isa = PBXFileReference; lastKnownFileType = sourcecode.swift; path = UIColor.swift; sourceTree = "<group>"; };
		C850CB902A1BA9C2002C2FD5 /* ParticularCollectionViewCell.swift */ = {isa = PBXFileReference; lastKnownFileType = sourcecode.swift; path = ParticularCollectionViewCell.swift; sourceTree = "<group>"; };
		C850CB922A1CC605002C2FD5 /* PhotoViewController.swift */ = {isa = PBXFileReference; lastKnownFileType = sourcecode.swift; name = PhotoViewController.swift; path = Main/PhotoViewController.swift; sourceTree = SOURCE_ROOT; };
		C850CB942A1CD56F002C2FD5 /* PhotoView.swift */ = {isa = PBXFileReference; lastKnownFileType = sourcecode.swift; path = PhotoView.swift; sourceTree = "<group>"; };
		C86646B42A10BBB100A4E12A /* HomeViewController.swift */ = {isa = PBXFileReference; lastKnownFileType = sourcecode.swift; name = HomeViewController.swift; path = Main/HomeViewController.swift; sourceTree = SOURCE_ROOT; };
		C86646B62A10BBB900A4E12A /* HomeView.swift */ = {isa = PBXFileReference; lastKnownFileType = sourcecode.swift; name = HomeView.swift; path = Main/HomeView.swift; sourceTree = SOURCE_ROOT; };
		C86646B82A10BBEC00A4E12A /* LayoutProtocols.swift */ = {isa = PBXFileReference; lastKnownFileType = sourcecode.swift; path = LayoutProtocols.swift; sourceTree = "<group>"; };
		C86646BB2A10BD0A00A4E12A /* MainViewManager.swift */ = {isa = PBXFileReference; lastKnownFileType = sourcecode.swift; path = MainViewManager.swift; sourceTree = "<group>"; };
		C86646BD2A10BD8C00A4E12A /* MypageViewController.swift */ = {isa = PBXFileReference; lastKnownFileType = sourcecode.swift; name = MypageViewController.swift; path = Main/MypageViewController.swift; sourceTree = SOURCE_ROOT; };
		C86646BF2A10BDEC00A4E12A /* RouteViewController.swift */ = {isa = PBXFileReference; lastKnownFileType = sourcecode.swift; name = RouteViewController.swift; path = Main/RouteViewController.swift; sourceTree = SOURCE_ROOT; };
		C886B90F2A1B8906006BE2CD /* ParticularRouteController.swift */ = {isa = PBXFileReference; lastKnownFileType = sourcecode.swift; name = ParticularRouteController.swift; path = Main/ParticularRouteController.swift; sourceTree = SOURCE_ROOT; };
		C886B9112A1B8933006BE2CD /* ParticularView.swift */ = {isa = PBXFileReference; lastKnownFileType = sourcecode.swift; path = ParticularView.swift; sourceTree = "<group>"; };
		FD26A4388A2F477280BCBFA7 /* Pods_runnerpia.framework */ = {isa = PBXFileReference; explicitFileType = wrapper.framework; includeInIndex = 0; path = Pods_runnerpia.framework; sourceTree = BUILT_PRODUCTS_DIR; };
		FFC1BDC7FCC4682C38EED567 /* Pods-runnerpia.release.xcconfig */ = {isa = PBXFileReference; includeInIndex = 1; lastKnownFileType = text.xcconfig; name = "Pods-runnerpia.release.xcconfig"; path = "Target Support Files/Pods-runnerpia/Pods-runnerpia.release.xcconfig"; sourceTree = "<group>"; };
/* End PBXFileReference section */

/* Begin PBXFrameworksBuildPhase section */
		88C189D52A02985900A240BD /* Frameworks */ = {
			isa = PBXFrameworksBuildPhase;
			buildActionMask = 2147483647;
			files = (
				C811CD3E2A029A2E00F92530 /* SnapKit in Frameworks */,
				9382DC40BD2B210BBD0A8319 /* Pods_runnerpia.framework in Frameworks */,
			);
			runOnlyForDeploymentPostprocessing = 0;
		};
/* End PBXFrameworksBuildPhase section */

/* Begin PBXGroup section */
		190C7E819C8C74EAF0756442 /* Pods */ = {
			isa = PBXGroup;
			children = (
				197A93498D86022DC04A50A8 /* Pods-runnerpia.debug.xcconfig */,
				FFC1BDC7FCC4682C38EED567 /* Pods-runnerpia.release.xcconfig */,
			);
			path = Pods;
			sourceTree = "<group>";
		};
		88C189CF2A02985900A240BD = {
			isa = PBXGroup;
			children = (
				88C189DA2A02985900A240BD /* runnerpia */,
				88C189D92A02985900A240BD /* Products */,
				190C7E819C8C74EAF0756442 /* Pods */,
				91A1069E20FF833924BF05FD /* Frameworks */,
			);
			sourceTree = "<group>";
		};
		88C189D92A02985900A240BD /* Products */ = {
			isa = PBXGroup;
			children = (
				88C189D82A02985900A240BD /* runnerpia.app */,
			);
			name = Products;
			sourceTree = "<group>";
		};
		88C189DA2A02985900A240BD /* runnerpia */ = {
			isa = PBXGroup;
			children = (
				88C189DB2A02985900A240BD /* AppDelegate.swift */,
				88C189DD2A02985A00A240BD /* SceneDelegate.swift */,
				88C189F12A0298EC00A240BD /* Models */,
				88C189F02A0298E500A240BD /* Views */,
				88C189EF2A0298DF00A240BD /* Controllers */,
				88C189DF2A02985A00A240BD /* ViewController.swift */,
				C86646BA2A10BCFC00A4E12A /* Managers */,
				C817305C2A109C1B00E6BE03 /* Extensions */,
				88C189E12A02985A00A240BD /* Main.storyboard */,
				88C189E42A02985C00A240BD /* Assets.xcassets */,
				88C189E62A02985C00A240BD /* LaunchScreen.storyboard */,
				88C189E92A02985C00A240BD /* Info.plist */,
			);
			path = runnerpia;
			sourceTree = "<group>";
		};
		88C189EF2A0298DF00A240BD /* Controllers */ = {
			isa = PBXGroup;
			children = (
				C9AD727D2A10675E005B9B5B /* Main */,
			);
			path = Controllers;
			sourceTree = "<group>";
		};
		88C189F02A0298E500A240BD /* Views */ = {
			isa = PBXGroup;
			children = (
				C9AD727F2A106769005B9B5B /* Main */,
				C850CB942A1CD56F002C2FD5 /* PhotoView.swift */,
			);
			name = Views;
			path = runnerpia/Views;
			sourceTree = SOURCE_ROOT;
		};
		88C189F12A0298EC00A240BD /* Models */ = {
			isa = PBXGroup;
			children = (
			);
			path = Models;
			sourceTree = "<group>";
		};
		91A1069E20FF833924BF05FD /* Frameworks */ = {
			isa = PBXGroup;
			children = (
				FD26A4388A2F477280BCBFA7 /* Pods_runnerpia.framework */,
			);
			name = Frameworks;
			sourceTree = "<group>";
		};
		C817305C2A109C1B00E6BE03 /* Extensions */ = {
			isa = PBXGroup;
			children = (
				C817305D2A109F1600E6BE03 /* UIColor.swift */,
				C86646B82A10BBEC00A4E12A /* LayoutProtocols.swift */,
				884F6DED2A120A6E007B7F73 /* UIImage.swift */,
				884F6DEF2A12244B007B7F73 /* UIControl.swift */,
			);
			path = Extensions;
			sourceTree = "<group>";
		};
		C850CB8F2A1BA9A3002C2FD5 /* Cells */ = {
			isa = PBXGroup;
			children = (
				C850CB902A1BA9C2002C2FD5 /* ParticularCollectionViewCell.swift */,
			);
			path = Cells;
			sourceTree = "<group>";
		};
		C86646BA2A10BCFC00A4E12A /* Managers */ = {
			isa = PBXGroup;
			children = (
				C86646BB2A10BD0A00A4E12A /* MainViewManager.swift */,
			);
			path = Managers;
			sourceTree = "<group>";
		};
		C9AD727D2A10675E005B9B5B /* Main */ = {
			isa = PBXGroup;
			children = (
				C9AD727E2A106764005B9B5B /* Route */,
				C86646B42A10BBB100A4E12A /* HomeViewController.swift */,
				C86646BD2A10BD8C00A4E12A /* MypageViewController.swift */,
				C886B90F2A1B8906006BE2CD /* ParticularRouteController.swift */,
				C850CB922A1CC605002C2FD5 /* PhotoViewController.swift */,
			);
			path = Main;
			sourceTree = "<group>";
		};
		C9AD727E2A106764005B9B5B /* Route */ = {
			isa = PBXGroup;
			children = (
				C86646BF2A10BDEC00A4E12A /* RouteViewController.swift */,
			);
			path = Route;
			sourceTree = "<group>";
		};
		C9AD727F2A106769005B9B5B /* Main */ = {
			isa = PBXGroup;
			children = (
				C9AD72802A10676D005B9B5B /* Route */,
				C86646B62A10BBB900A4E12A /* HomeView.swift */,
				C886B9112A1B8933006BE2CD /* ParticularView.swift */,
				C850CB8F2A1BA9A3002C2FD5 /* Cells */,
			);
			name = Main;
			path = runnerpia/Views/Main;
			sourceTree = SOURCE_ROOT;
		};
		C9AD72802A10676D005B9B5B /* Route */ = {
			isa = PBXGroup;
			children = (
				88A603032A119DF100CBB6B8 /* RouteRecordView.swift */,
			);
			path = Route;
			sourceTree = "<group>";
		};
/* End PBXGroup section */

/* Begin PBXNativeTarget section */
		88C189D72A02985900A240BD /* runnerpia */ = {
			isa = PBXNativeTarget;
			buildConfigurationList = 88C189EC2A02985C00A240BD /* Build configuration list for PBXNativeTarget "runnerpia" */;
			buildPhases = (
				665E24223C39B9FCB4431C9E /* [CP] Check Pods Manifest.lock */,
				88C189D42A02985900A240BD /* Sources */,
				88C189D52A02985900A240BD /* Frameworks */,
				88C189D62A02985900A240BD /* Resources */,
				8D3B4DCFD963D0BEFCA94FC2 /* [CP] Embed Pods Frameworks */,
			);
			buildRules = (
			);
			dependencies = (
			);
			name = runnerpia;
			packageProductDependencies = (
				C811CD3D2A029A2E00F92530 /* SnapKit */,
			);
			productName = runnerpia;
			productReference = 88C189D82A02985900A240BD /* runnerpia.app */;
			productType = "com.apple.product-type.application";
		};
/* End PBXNativeTarget section */

/* Begin PBXProject section */
		88C189D02A02985900A240BD /* Project object */ = {
			isa = PBXProject;
			attributes = {
				BuildIndependentTargetsInParallel = 1;
				LastSwiftUpdateCheck = 1410;
				LastUpgradeCheck = 1410;
				TargetAttributes = {
					88C189D72A02985900A240BD = {
						CreatedOnToolsVersion = 14.1;
					};
				};
			};
			buildConfigurationList = 88C189D32A02985900A240BD /* Build configuration list for PBXProject "runnerpia" */;
			compatibilityVersion = "Xcode 13.0";
			developmentRegion = en;
			hasScannedForEncodings = 0;
			knownRegions = (
				en,
				Base,
			);
			mainGroup = 88C189CF2A02985900A240BD;
			packageReferences = (
				C811CD3C2A029A2E00F92530 /* XCRemoteSwiftPackageReference "SnapKit" */,
			);
			productRefGroup = 88C189D92A02985900A240BD /* Products */;
			projectDirPath = "";
			projectRoot = "";
			targets = (
				88C189D72A02985900A240BD /* runnerpia */,
			);
		};
/* End PBXProject section */

/* Begin PBXResourcesBuildPhase section */
		88C189D62A02985900A240BD /* Resources */ = {
			isa = PBXResourcesBuildPhase;
			buildActionMask = 2147483647;
			files = (
				88C189E82A02985C00A240BD /* LaunchScreen.storyboard in Resources */,
				88C189E52A02985C00A240BD /* Assets.xcassets in Resources */,
				88C189E32A02985A00A240BD /* Main.storyboard in Resources */,
			);
			runOnlyForDeploymentPostprocessing = 0;
		};
/* End PBXResourcesBuildPhase section */

/* Begin PBXShellScriptBuildPhase section */
		665E24223C39B9FCB4431C9E /* [CP] Check Pods Manifest.lock */ = {
			isa = PBXShellScriptBuildPhase;
			buildActionMask = 2147483647;
			files = (
			);
			inputFileListPaths = (
			);
			inputPaths = (
				"${PODS_PODFILE_DIR_PATH}/Podfile.lock",
				"${PODS_ROOT}/Manifest.lock",
			);
			name = "[CP] Check Pods Manifest.lock";
			outputFileListPaths = (
			);
			outputPaths = (
				"$(DERIVED_FILE_DIR)/Pods-runnerpia-checkManifestLockResult.txt",
			);
			runOnlyForDeploymentPostprocessing = 0;
			shellPath = /bin/sh;
			shellScript = "diff \"${PODS_PODFILE_DIR_PATH}/Podfile.lock\" \"${PODS_ROOT}/Manifest.lock\" > /dev/null\nif [ $? != 0 ] ; then\n    # print error to STDERR\n    echo \"error: The sandbox is not in sync with the Podfile.lock. Run 'pod install' or update your CocoaPods installation.\" >&2\n    exit 1\nfi\n# This output is used by Xcode 'outputs' to avoid re-running this script phase.\necho \"SUCCESS\" > \"${SCRIPT_OUTPUT_FILE_0}\"\n";
			showEnvVarsInLog = 0;
		};
		8D3B4DCFD963D0BEFCA94FC2 /* [CP] Embed Pods Frameworks */ = {
			isa = PBXShellScriptBuildPhase;
			buildActionMask = 2147483647;
			files = (
			);
			inputFileListPaths = (
				"${PODS_ROOT}/Target Support Files/Pods-runnerpia/Pods-runnerpia-frameworks-${CONFIGURATION}-input-files.xcfilelist",
			);
			name = "[CP] Embed Pods Frameworks";
			outputFileListPaths = (
				"${PODS_ROOT}/Target Support Files/Pods-runnerpia/Pods-runnerpia-frameworks-${CONFIGURATION}-output-files.xcfilelist",
			);
			runOnlyForDeploymentPostprocessing = 0;
			shellPath = /bin/sh;
			shellScript = "\"${PODS_ROOT}/Target Support Files/Pods-runnerpia/Pods-runnerpia-frameworks.sh\"\n";
			showEnvVarsInLog = 0;
		};
/* End PBXShellScriptBuildPhase section */

/* Begin PBXSourcesBuildPhase section */
		88C189D42A02985900A240BD /* Sources */ = {
			isa = PBXSourcesBuildPhase;
			buildActionMask = 2147483647;
			files = (
				C86646BE2A10BD8C00A4E12A /* MypageViewController.swift in Sources */,
				C86646B52A10BBB100A4E12A /* HomeViewController.swift in Sources */,
				88C189E02A02985A00A240BD /* ViewController.swift in Sources */,
				C850CB952A1CD56F002C2FD5 /* PhotoView.swift in Sources */,
				C817305E2A109F1600E6BE03 /* UIColor.swift in Sources */,
				884F6DF02A12244B007B7F73 /* UIControl.swift in Sources */,
				C86646BC2A10BD0A00A4E12A /* MainViewManager.swift in Sources */,
				C86646B72A10BBB900A4E12A /* HomeView.swift in Sources */,
				C850CB912A1BA9C2002C2FD5 /* ParticularCollectionViewCell.swift in Sources */,
				88A603042A119DF100CBB6B8 /* RouteRecordView.swift in Sources */,
				88C189DC2A02985900A240BD /* AppDelegate.swift in Sources */,
				C850CB932A1CC605002C2FD5 /* PhotoViewController.swift in Sources */,
				88C189DE2A02985A00A240BD /* SceneDelegate.swift in Sources */,
				C886B9122A1B8933006BE2CD /* ParticularView.swift in Sources */,
				884F6DEE2A120A6E007B7F73 /* UIImage.swift in Sources */,
				C886B9102A1B8906006BE2CD /* ParticularRouteController.swift in Sources */,
				C86646C02A10BDEC00A4E12A /* RouteViewController.swift in Sources */,
				C86646B92A10BBEC00A4E12A /* LayoutProtocols.swift in Sources */,
			);
			runOnlyForDeploymentPostprocessing = 0;
		};
/* End PBXSourcesBuildPhase section */

/* Begin PBXVariantGroup section */
		88C189E12A02985A00A240BD /* Main.storyboard */ = {
			isa = PBXVariantGroup;
			children = (
				88C189E22A02985A00A240BD /* Base */,
			);
			name = Main.storyboard;
			sourceTree = "<group>";
		};
		88C189E62A02985C00A240BD /* LaunchScreen.storyboard */ = {
			isa = PBXVariantGroup;
			children = (
				88C189E72A02985C00A240BD /* Base */,
			);
			name = LaunchScreen.storyboard;
			sourceTree = "<group>";
		};
/* End PBXVariantGroup section */

/* Begin XCBuildConfiguration section */
		88C189EA2A02985C00A240BD /* Debug */ = {
			isa = XCBuildConfiguration;
			buildSettings = {
				ALWAYS_SEARCH_USER_PATHS = NO;
				CLANG_ANALYZER_NONNULL = YES;
				CLANG_ANALYZER_NUMBER_OBJECT_CONVERSION = YES_AGGRESSIVE;
				CLANG_CXX_LANGUAGE_STANDARD = "gnu++20";
				CLANG_ENABLE_MODULES = YES;
				CLANG_ENABLE_OBJC_ARC = YES;
				CLANG_ENABLE_OBJC_WEAK = YES;
				CLANG_WARN_BLOCK_CAPTURE_AUTORELEASING = YES;
				CLANG_WARN_BOOL_CONVERSION = YES;
				CLANG_WARN_COMMA = YES;
				CLANG_WARN_CONSTANT_CONVERSION = YES;
				CLANG_WARN_DEPRECATED_OBJC_IMPLEMENTATIONS = YES;
				CLANG_WARN_DIRECT_OBJC_ISA_USAGE = YES_ERROR;
				CLANG_WARN_DOCUMENTATION_COMMENTS = YES;
				CLANG_WARN_EMPTY_BODY = YES;
				CLANG_WARN_ENUM_CONVERSION = YES;
				CLANG_WARN_INFINITE_RECURSION = YES;
				CLANG_WARN_INT_CONVERSION = YES;
				CLANG_WARN_NON_LITERAL_NULL_CONVERSION = YES;
				CLANG_WARN_OBJC_IMPLICIT_RETAIN_SELF = YES;
				CLANG_WARN_OBJC_LITERAL_CONVERSION = YES;
				CLANG_WARN_OBJC_ROOT_CLASS = YES_ERROR;
				CLANG_WARN_QUOTED_INCLUDE_IN_FRAMEWORK_HEADER = YES;
				CLANG_WARN_RANGE_LOOP_ANALYSIS = YES;
				CLANG_WARN_STRICT_PROTOTYPES = YES;
				CLANG_WARN_SUSPICIOUS_MOVE = YES;
				CLANG_WARN_UNGUARDED_AVAILABILITY = YES_AGGRESSIVE;
				CLANG_WARN_UNREACHABLE_CODE = YES;
				CLANG_WARN__DUPLICATE_METHOD_MATCH = YES;
				COPY_PHASE_STRIP = NO;
				DEBUG_INFORMATION_FORMAT = dwarf;
				ENABLE_STRICT_OBJC_MSGSEND = YES;
				ENABLE_TESTABILITY = YES;
				GCC_C_LANGUAGE_STANDARD = gnu11;
				GCC_DYNAMIC_NO_PIC = NO;
				GCC_NO_COMMON_BLOCKS = YES;
				GCC_OPTIMIZATION_LEVEL = 0;
				GCC_PREPROCESSOR_DEFINITIONS = (
					"DEBUG=1",
					"$(inherited)",
				);
				GCC_WARN_64_TO_32_BIT_CONVERSION = YES;
				GCC_WARN_ABOUT_RETURN_TYPE = YES_ERROR;
				GCC_WARN_UNDECLARED_SELECTOR = YES;
				GCC_WARN_UNINITIALIZED_AUTOS = YES_AGGRESSIVE;
				GCC_WARN_UNUSED_FUNCTION = YES;
				GCC_WARN_UNUSED_VARIABLE = YES;
				IPHONEOS_DEPLOYMENT_TARGET = 16.1;
				MTL_ENABLE_DEBUG_INFO = INCLUDE_SOURCE;
				MTL_FAST_MATH = YES;
				ONLY_ACTIVE_ARCH = YES;
				SDKROOT = iphoneos;
				SWIFT_ACTIVE_COMPILATION_CONDITIONS = DEBUG;
				SWIFT_OPTIMIZATION_LEVEL = "-Onone";
			};
			name = Debug;
		};
		88C189EB2A02985C00A240BD /* Release */ = {
			isa = XCBuildConfiguration;
			buildSettings = {
				ALWAYS_SEARCH_USER_PATHS = NO;
				CLANG_ANALYZER_NONNULL = YES;
				CLANG_ANALYZER_NUMBER_OBJECT_CONVERSION = YES_AGGRESSIVE;
				CLANG_CXX_LANGUAGE_STANDARD = "gnu++20";
				CLANG_ENABLE_MODULES = YES;
				CLANG_ENABLE_OBJC_ARC = YES;
				CLANG_ENABLE_OBJC_WEAK = YES;
				CLANG_WARN_BLOCK_CAPTURE_AUTORELEASING = YES;
				CLANG_WARN_BOOL_CONVERSION = YES;
				CLANG_WARN_COMMA = YES;
				CLANG_WARN_CONSTANT_CONVERSION = YES;
				CLANG_WARN_DEPRECATED_OBJC_IMPLEMENTATIONS = YES;
				CLANG_WARN_DIRECT_OBJC_ISA_USAGE = YES_ERROR;
				CLANG_WARN_DOCUMENTATION_COMMENTS = YES;
				CLANG_WARN_EMPTY_BODY = YES;
				CLANG_WARN_ENUM_CONVERSION = YES;
				CLANG_WARN_INFINITE_RECURSION = YES;
				CLANG_WARN_INT_CONVERSION = YES;
				CLANG_WARN_NON_LITERAL_NULL_CONVERSION = YES;
				CLANG_WARN_OBJC_IMPLICIT_RETAIN_SELF = YES;
				CLANG_WARN_OBJC_LITERAL_CONVERSION = YES;
				CLANG_WARN_OBJC_ROOT_CLASS = YES_ERROR;
				CLANG_WARN_QUOTED_INCLUDE_IN_FRAMEWORK_HEADER = YES;
				CLANG_WARN_RANGE_LOOP_ANALYSIS = YES;
				CLANG_WARN_STRICT_PROTOTYPES = YES;
				CLANG_WARN_SUSPICIOUS_MOVE = YES;
				CLANG_WARN_UNGUARDED_AVAILABILITY = YES_AGGRESSIVE;
				CLANG_WARN_UNREACHABLE_CODE = YES;
				CLANG_WARN__DUPLICATE_METHOD_MATCH = YES;
				COPY_PHASE_STRIP = NO;
				DEBUG_INFORMATION_FORMAT = "dwarf-with-dsym";
				ENABLE_NS_ASSERTIONS = NO;
				ENABLE_STRICT_OBJC_MSGSEND = YES;
				GCC_C_LANGUAGE_STANDARD = gnu11;
				GCC_NO_COMMON_BLOCKS = YES;
				GCC_WARN_64_TO_32_BIT_CONVERSION = YES;
				GCC_WARN_ABOUT_RETURN_TYPE = YES_ERROR;
				GCC_WARN_UNDECLARED_SELECTOR = YES;
				GCC_WARN_UNINITIALIZED_AUTOS = YES_AGGRESSIVE;
				GCC_WARN_UNUSED_FUNCTION = YES;
				GCC_WARN_UNUSED_VARIABLE = YES;
				IPHONEOS_DEPLOYMENT_TARGET = 16.1;
				MTL_ENABLE_DEBUG_INFO = NO;
				MTL_FAST_MATH = YES;
				SDKROOT = iphoneos;
				SWIFT_COMPILATION_MODE = wholemodule;
				SWIFT_OPTIMIZATION_LEVEL = "-O";
				VALIDATE_PRODUCT = YES;
			};
			name = Release;
		};
		88C189ED2A02985C00A240BD /* Debug */ = {
			isa = XCBuildConfiguration;
			baseConfigurationReference = 197A93498D86022DC04A50A8 /* Pods-runnerpia.debug.xcconfig */;
			buildSettings = {
				ASSETCATALOG_COMPILER_APPICON_NAME = AppIcon;
				ASSETCATALOG_COMPILER_GLOBAL_ACCENT_COLOR_NAME = AccentColor;
				CODE_SIGN_STYLE = Automatic;
				CURRENT_PROJECT_VERSION = 1;
				DEVELOPMENT_TEAM = C52UTF3KCV;
				GENERATE_INFOPLIST_FILE = YES;
				INFOPLIST_FILE = runnerpia/Info.plist;
				INFOPLIST_KEY_UIApplicationSupportsIndirectInputEvents = YES;
				INFOPLIST_KEY_UILaunchStoryboardName = LaunchScreen;
				INFOPLIST_KEY_UIMainStoryboardFile = Main;
				INFOPLIST_KEY_UISupportedInterfaceOrientations_iPad = "UIInterfaceOrientationPortrait UIInterfaceOrientationPortraitUpsideDown UIInterfaceOrientationLandscapeLeft UIInterfaceOrientationLandscapeRight";
				INFOPLIST_KEY_UISupportedInterfaceOrientations_iPhone = "UIInterfaceOrientationPortrait UIInterfaceOrientationLandscapeLeft UIInterfaceOrientationLandscapeRight";
				IPHONEOS_DEPLOYMENT_TARGET = 16.0;
				LD_RUNPATH_SEARCH_PATHS = (
					"$(inherited)",
					"@executable_path/Frameworks",
				);
				MARKETING_VERSION = 1.0;
				PRODUCT_BUNDLE_IDENTIFIER = com.runnerpia.runnerpia;
				PRODUCT_NAME = "$(TARGET_NAME)";
				SUPPORTED_PLATFORMS = "iphoneos iphonesimulator";
				SUPPORTS_MACCATALYST = NO;
				SUPPORTS_MAC_DESIGNED_FOR_IPHONE_IPAD = NO;
				SWIFT_EMIT_LOC_STRINGS = YES;
				SWIFT_VERSION = 5.0;
				TARGETED_DEVICE_FAMILY = 1;
			};
			name = Debug;
		};
		88C189EE2A02985C00A240BD /* Release */ = {
			isa = XCBuildConfiguration;
			baseConfigurationReference = FFC1BDC7FCC4682C38EED567 /* Pods-runnerpia.release.xcconfig */;
			buildSettings = {
				ASSETCATALOG_COMPILER_APPICON_NAME = AppIcon;
				ASSETCATALOG_COMPILER_GLOBAL_ACCENT_COLOR_NAME = AccentColor;
				CODE_SIGN_STYLE = Automatic;
				CURRENT_PROJECT_VERSION = 1;
				DEVELOPMENT_TEAM = C52UTF3KCV;
				GENERATE_INFOPLIST_FILE = YES;
				INFOPLIST_FILE = runnerpia/Info.plist;
				INFOPLIST_KEY_UIApplicationSupportsIndirectInputEvents = YES;
				INFOPLIST_KEY_UILaunchStoryboardName = LaunchScreen;
				INFOPLIST_KEY_UIMainStoryboardFile = Main;
				INFOPLIST_KEY_UISupportedInterfaceOrientations_iPad = "UIInterfaceOrientationPortrait UIInterfaceOrientationPortraitUpsideDown UIInterfaceOrientationLandscapeLeft UIInterfaceOrientationLandscapeRight";
				INFOPLIST_KEY_UISupportedInterfaceOrientations_iPhone = "UIInterfaceOrientationPortrait UIInterfaceOrientationLandscapeLeft UIInterfaceOrientationLandscapeRight";
				IPHONEOS_DEPLOYMENT_TARGET = 16.0;
				LD_RUNPATH_SEARCH_PATHS = (
					"$(inherited)",
					"@executable_path/Frameworks",
				);
				MARKETING_VERSION = 1.0;
				PRODUCT_BUNDLE_IDENTIFIER = com.runnerpia.runnerpia;
				PRODUCT_NAME = "$(TARGET_NAME)";
				SUPPORTED_PLATFORMS = "iphoneos iphonesimulator";
				SUPPORTS_MACCATALYST = NO;
				SUPPORTS_MAC_DESIGNED_FOR_IPHONE_IPAD = NO;
				SWIFT_EMIT_LOC_STRINGS = YES;
				SWIFT_VERSION = 5.0;
				TARGETED_DEVICE_FAMILY = 1;
			};
			name = Release;
		};
/* End XCBuildConfiguration section */

/* Begin XCConfigurationList section */
		88C189D32A02985900A240BD /* Build configuration list for PBXProject "runnerpia" */ = {
			isa = XCConfigurationList;
			buildConfigurations = (
				88C189EA2A02985C00A240BD /* Debug */,
				88C189EB2A02985C00A240BD /* Release */,
			);
			defaultConfigurationIsVisible = 0;
			defaultConfigurationName = Release;
		};
		88C189EC2A02985C00A240BD /* Build configuration list for PBXNativeTarget "runnerpia" */ = {
			isa = XCConfigurationList;
			buildConfigurations = (
				88C189ED2A02985C00A240BD /* Debug */,
				88C189EE2A02985C00A240BD /* Release */,
			);
			defaultConfigurationIsVisible = 0;
			defaultConfigurationName = Release;
		};
/* End XCConfigurationList section */

/* Begin XCRemoteSwiftPackageReference section */
		C811CD3C2A029A2E00F92530 /* XCRemoteSwiftPackageReference "SnapKit" */ = {
			isa = XCRemoteSwiftPackageReference;
			repositoryURL = "https://github.com/SnapKit/SnapKit";
			requirement = {
				kind = upToNextMajorVersion;
				minimumVersion = 5.0.0;
			};
		};
/* End XCRemoteSwiftPackageReference section */

/* Begin XCSwiftPackageProductDependency section */
		C811CD3D2A029A2E00F92530 /* SnapKit */ = {
			isa = XCSwiftPackageProductDependency;
			package = C811CD3C2A029A2E00F92530 /* XCRemoteSwiftPackageReference "SnapKit" */;
			productName = SnapKit;
		};
/* End XCSwiftPackageProductDependency section */
	};
	rootObject = 88C189D02A02985900A240BD /* Project object */;
}
